
Microsoft Visual Studio Solution File, Format Version 12.00
# Visual Studio 15
VisualStudioVersion = 15.0.28010.2019
MinimumVisualStudioVersion = 10.0.40219.1
Project("{FAE04EC0-301F-11D3-BF4B-00C04F79EFBC}") = "ElectricalPowerSystems", "ElectricalPowerSystems\ElectricalPowerSystems.csproj", "{C88698C5-A9D5-4BEF-A6AF-B15D19682801}"
EndProject
Global
	GlobalSection(SolutionConfigurationPlatforms) = preSolution
		Debug|Any CPU = Debug|Any CPU
		Release|Any CPU = Release|Any CPU
		Test|Any CPU = Test|Any CPU
	EndGlobalSection
	GlobalSection(ProjectConfigurationPlatforms) = postSolution
		{C88698C5-A9D5-4BEF-A6AF-B15D19682801}.Debug|Any CPU.ActiveCfg = Debug|Any CPU
		{C88698C5-A9D5-4BEF-A6AF-B15D19682801}.Debug|Any CPU.Build.0 = Debug|Any CPU
		{C88698C5-A9D5-4BEF-A6AF-B15D19682801}.Release|Any CPU.ActiveCfg = Release|Any CPU
		{C88698C5-A9D5-4BEF-A6AF-B15D19682801}.Release|Any CPU.Build.0 = Release|Any CPU
		{C88698C5-A9D5-4BEF-A6AF-B15D19682801}.Test|Any CPU.ActiveCfg = Test|Any CPU
		{C88698C5-A9D5-4BEF-A6AF-B15D19682801}.Test|Any CPU.Build.0 = Test|Any CPU
	EndGlobalSection
	GlobalSection(SolutionProperties) = preSolution
		HideSolutionNode = FALSE
	EndGlobalSection
	GlobalSection(ExtensibilityGlobals) = postSolution
		SolutionGuid = {EED3971B-17CF-424A-A9EB-ADE5F2CAE6E0}
	EndGlobalSection
EndGlobal
